
Microsoft Visual Studio Solution File, Format Version 12.00
# Visual Studio 15
VisualStudioVersion = 15.0.28307.106
MinimumVisualStudioVersion = 10.0.40219.1
Project("{9A19103F-16F7-4668-BE54-9A1E7A4F7556}") = "SWAPILogic", "SWAPILogic\SWAPILogic.csproj", "{1CEB8074-D995-4D18-9748-EB7295A4A52B}"
EndProject
Project("{9A19103F-16F7-4668-BE54-9A1E7A4F7556}") = "SWAPIModel", "SWAPIModel\SWAPIModel.csproj", "{829D3512-A689-4086-BF64-CECDEC6BE4D8}"
EndProject
Project("{9A19103F-16F7-4668-BE54-9A1E7A4F7556}") = "SWAPIHelpers", "SAPIHelpers\SWAPIHelpers.csproj", "{6C00F2A1-D95E-406B-BC8C-02D1596B39A8}"
EndProject
Project("{9A19103F-16F7-4668-BE54-9A1E7A4F7556}") = "SWAPIConsole", "SWAPIConsole\SWAPIConsole.csproj", "{5D9FFC4E-B60D-44FA-A3A3-8E6DB3E06566}"
EndProject
Project("{9A19103F-16F7-4668-BE54-9A1E7A4F7556}") = "SWAPITest", "SWAPITest\SWAPITest.csproj", "{8C2526BC-D232-4C75-9998-1DA3956F57E3}"
EndProject
Global
	GlobalSection(SolutionConfigurationPlatforms) = preSolution
		Debug|Any CPU = Debug|Any CPU
		Release|Any CPU = Release|Any CPU
	EndGlobalSection
	GlobalSection(ProjectConfigurationPlatforms) = postSolution
		{1CEB8074-D995-4D18-9748-EB7295A4A52B}.Debug|Any CPU.ActiveCfg = Debug|Any CPU
		{1CEB8074-D995-4D18-9748-EB7295A4A52B}.Debug|Any CPU.Build.0 = Debug|Any CPU
		{1CEB8074-D995-4D18-9748-EB7295A4A52B}.Release|Any CPU.ActiveCfg = Release|Any CPU
		{1CEB8074-D995-4D18-9748-EB7295A4A52B}.Release|Any CPU.Build.0 = Release|Any CPU
		{829D3512-A689-4086-BF64-CECDEC6BE4D8}.Debug|Any CPU.ActiveCfg = Debug|Any CPU
		{829D3512-A689-4086-BF64-CECDEC6BE4D8}.Debug|Any CPU.Build.0 = Debug|Any CPU
		{829D3512-A689-4086-BF64-CECDEC6BE4D8}.Release|Any CPU.ActiveCfg = Release|Any CPU
		{829D3512-A689-4086-BF64-CECDEC6BE4D8}.Release|Any CPU.Build.0 = Release|Any CPU
		{6C00F2A1-D95E-406B-BC8C-02D1596B39A8}.Debug|Any CPU.ActiveCfg = Debug|Any CPU
		{6C00F2A1-D95E-406B-BC8C-02D1596B39A8}.Debug|Any CPU.Build.0 = Debug|Any CPU
		{6C00F2A1-D95E-406B-BC8C-02D1596B39A8}.Release|Any CPU.ActiveCfg = Release|Any CPU
		{6C00F2A1-D95E-406B-BC8C-02D1596B39A8}.Release|Any CPU.Build.0 = Release|Any CPU
		{5D9FFC4E-B60D-44FA-A3A3-8E6DB3E06566}.Debug|Any CPU.ActiveCfg = Debug|Any CPU
		{5D9FFC4E-B60D-44FA-A3A3-8E6DB3E06566}.Debug|Any CPU.Build.0 = Debug|Any CPU
		{5D9FFC4E-B60D-44FA-A3A3-8E6DB3E06566}.Release|Any CPU.ActiveCfg = Release|Any CPU
		{5D9FFC4E-B60D-44FA-A3A3-8E6DB3E06566}.Release|Any CPU.Build.0 = Release|Any CPU
		{8C2526BC-D232-4C75-9998-1DA3956F57E3}.Debug|Any CPU.ActiveCfg = Debug|Any CPU
		{8C2526BC-D232-4C75-9998-1DA3956F57E3}.Debug|Any CPU.Build.0 = Debug|Any CPU
		{8C2526BC-D232-4C75-9998-1DA3956F57E3}.Release|Any CPU.ActiveCfg = Release|Any CPU
		{8C2526BC-D232-4C75-9998-1DA3956F57E3}.Release|Any CPU.Build.0 = Release|Any CPU
	EndGlobalSection
	GlobalSection(SolutionProperties) = preSolution
		HideSolutionNode = FALSE
	EndGlobalSection
	GlobalSection(ExtensibilityGlobals) = postSolution
		SolutionGuid = {BDD1606A-0E4F-4F50-A2AD-9CE55A31966F}
	EndGlobalSection
EndGlobal
